// !$*UTF8*$!
{
	archiveVersion = 1;
	classes = {
	};
	objectVersion = 46;
	objects = {

/* Begin PBXBuildFile section */
		1F89E43E1C820AA5004E1CB6 /* AppDelegate.swift in Sources */ = {isa = PBXBuildFile; fileRef = 1F89E43D1C820AA5004E1CB6 /* AppDelegate.swift */; };
		1F89E4401C820AA5004E1CB6 /* GameScene.sks in Resources */ = {isa = PBXBuildFile; fileRef = 1F89E43F1C820AA5004E1CB6 /* GameScene.sks */; };
		1F89E4421C820AA5004E1CB6 /* GameScene.swift in Sources */ = {isa = PBXBuildFile; fileRef = 1F89E4411C820AA5004E1CB6 /* GameScene.swift */; };
		1F89E4441C820AA5004E1CB6 /* GameViewController.swift in Sources */ = {isa = PBXBuildFile; fileRef = 1F89E4431C820AA5004E1CB6 /* GameViewController.swift */; };
		1F89E4471C820AA5004E1CB6 /* Main.storyboard in Resources */ = {isa = PBXBuildFile; fileRef = 1F89E4451C820AA5004E1CB6 /* Main.storyboard */; };
		1F89E4491C820AA5004E1CB6 /* Assets.xcassets in Resources */ = {isa = PBXBuildFile; fileRef = 1F89E4481C820AA5004E1CB6 /* Assets.xcassets */; };
		1F89E44C1C820AA5004E1CB6 /* LaunchScreen.storyboard in Resources */ = {isa = PBXBuildFile; fileRef = 1F89E44A1C820AA5004E1CB6 /* LaunchScreen.storyboard */; };
/* End PBXBuildFile section */

/* Begin PBXFileReference section */
		1F89E43A1C820AA5004E1CB6 /* BuildGame.app */ = {isa = PBXFileReference; explicitFileType = wrapper.application; includeInIndex = 0; path = BuildGame.app; sourceTree = BUILT_PRODUCTS_DIR; };
		1F89E43D1C820AA5004E1CB6 /* AppDelegate.swift */ = {isa = PBXFileReference; lastKnownFileType = sourcecode.swift; path = AppDelegate.swift; sourceTree = "<group>"; };
		1F89E43F1C820AA5004E1CB6 /* GameScene.sks */ = {isa = PBXFileReference; lastKnownFileType = file.sks; path = GameScene.sks; sourceTree = "<group>"; };
		1F89E4411C820AA5004E1CB6 /* GameScene.swift */ = {isa = PBXFileReference; lastKnownFileType = sourcecode.swift; path = GameScene.swift; sourceTree = "<group>"; };
		1F89E4431C820AA5004E1CB6 /* GameViewController.swift */ = {isa = PBXFileReference; lastKnownFileType = sourcecode.swift; path = GameViewController.swift; sourceTree = "<group>"; };
		1F89E4461C820AA5004E1CB6 /* Base */ = {isa = PBXFileReference; lastKnownFileType = file.storyboard; name = Base; path = Base.lproj/Main.storyboard; sourceTree = "<group>"; };
		1F89E4481C820AA5004E1CB6 /* Assets.xcassets */ = {isa = PBXFileReference; lastKnownFileType = folder.assetcatalog; path = Assets.xcassets; sourceTree = "<group>"; };
		1F89E44B1C820AA5004E1CB6 /* Base */ = {isa = PBXFileReference; lastKnownFileType = file.storyboard; name = Base; path = Base.lproj/LaunchScreen.storyboard; sourceTree = "<group>"; };
		1F89E44D1C820AA5004E1CB6 /* Info.plist */ = {isa = PBXFileReference; lastKnownFileType = text.plist.xml; path = Info.plist; sourceTree = "<group>"; };
/* End PBXFileReference section */

/* Begin PBXFrameworksBuildPhase section */
		1F89E4371C820AA5004E1CB6 /* Frameworks */ = {
			isa = PBXFrameworksBuildPhase;
			buildActionMask = 2147483647;
			files = (
			);
			runOnlyForDeploymentPostprocessing = 0;
		};
/* End PBXFrameworksBuildPhase section */

/* Begin PBXGroup section */
		1F89E4311C820AA5004E1CB6 = {
			isa = PBXGroup;
			children = (
				1F89E43C1C820AA5004E1CB6 /* BuildGame */,
				1F89E43B1C820AA5004E1CB6 /* Products */,
			);
			sourceTree = "<group>";
		};
		1F89E43B1C820AA5004E1CB6 /* Products */ = {
			isa = PBXGroup;
			children = (
				1F89E43A1C820AA5004E1CB6 /* BuildGame.app */,
			);
			name = Products;
			sourceTree = "<group>";
		};
		1F89E43C1C820AA5004E1CB6 /* BuildGame */ = {
			isa = PBXGroup;
			children = (
				1F89E43D1C820AA5004E1CB6 /* AppDelegate.swift */,
				1F89E43F1C820AA5004E1CB6 /* GameScene.sks */,
				1F89E4411C820AA5004E1CB6 /* GameScene.swift */,
				1F89E4431C820AA5004E1CB6 /* GameViewController.swift */,
				1F89E4451C820AA5004E1CB6 /* Main.storyboard */,
				1F89E4481C820AA5004E1CB6 /* Assets.xcassets */,
				1F89E44A1C820AA5004E1CB6 /* LaunchScreen.storyboard */,
				1F89E44D1C820AA5004E1CB6 /* Info.plist */,
			);
			path = BuildGame;
			sourceTree = "<group>";
		};
/* End PBXGroup section */

/* Begin PBXNativeTarget section */
		1F89E4391C820AA5004E1CB6 /* BuildGame */ = {
			isa = PBXNativeTarget;
			buildConfigurationList = 1F89E4501C820AA5004E1CB6 /* Build configuration list for PBXNativeTarget "BuildGame" */;
			buildPhases = (
				1F89E4361C820AA5004E1CB6 /* Sources */,
				1F89E4371C820AA5004E1CB6 /* Frameworks */,
				1F89E4381C820AA5004E1CB6 /* Resources */,
			);
			buildRules = (
			);
			dependencies = (
			);
			name = BuildGame;
			productName = BuildGame;
			productReference = 1F89E43A1C820AA5004E1CB6 /* BuildGame.app */;
			productType = "com.apple.product-type.application";
		};
/* End PBXNativeTarget section */

/* Begin PBXProject section */
		1F89E4321C820AA5004E1CB6 /* Project object */ = {
			isa = PBXProject;
			attributes = {
				LastSwiftUpdateCheck = 0720;
				LastUpgradeCheck = 0720;
				ORGANIZATIONNAME = "JeffCole Inc.";
				TargetAttributes = {
					1F89E4391C820AA5004E1CB6 = {
						CreatedOnToolsVersion = 7.2;
					};
				};
			};
			buildConfigurationList = 1F89E4351C820AA5004E1CB6 /* Build configuration list for PBXProject "BuildGame" */;
			compatibilityVersion = "Xcode 3.2";
			developmentRegion = English;
			hasScannedForEncodings = 0;
			knownRegions = (
				en,
				Base,
			);
			mainGroup = 1F89E4311C820AA5004E1CB6;
			productRefGroup = 1F89E43B1C820AA5004E1CB6 /* Products */;
			projectDirPath = "";
			projectRoot = "";
			targets = (
				1F89E4391C820AA5004E1CB6 /* BuildGame */,
			);
		};
/* End PBXProject section */

/* Begin PBXResourcesBuildPhase section */
		1F89E4381C820AA5004E1CB6 /* Resources */ = {
			isa = PBXResourcesBuildPhase;
			buildActionMask = 2147483647;
			files = (
				1F89E4401C820AA5004E1CB6 /* GameScene.sks in Resources */,
				1F89E44C1C820AA5004E1CB6 /* LaunchScreen.storyboard in Resources */,
				1F89E4491C820AA5004E1CB6 /* Assets.xcassets in Resources */,
				1F89E4471C820AA5004E1CB6 /* Main.storyboard in Resources */,
			);
			runOnlyForDeploymentPostprocessing = 0;
		};
/* End PBXResourcesBuildPhase section */

/* Begin PBXSourcesBuildPhase section */
		1F89E4361C820AA5004E1CB6 /* Sources */ = {
			isa = PBXSourcesBuildPhase;
			buildActionMask = 2147483647;
			files = (
				1F89E4421C820AA5004E1CB6 /* GameScene.swift in Sources */,
				1F89E4441C820AA5004E1CB6 /* GameViewController.swift in Sources */,
				1F89E43E1C820AA5004E1CB6 /* AppDelegate.swift in Sources */,
			);
			runOnlyForDeploymentPostprocessing = 0;
		};
/* End PBXSourcesBuildPhase section */

/* Begin PBXVariantGroup section */
		1F89E4451C820AA5004E1CB6 /* Main.storyboard */ = {
			isa = PBXVariantGroup;
			children = (
				1F89E4461C820AA5004E1CB6 /* Base */,
			);
			name = Main.storyboard;
			sourceTree = "<group>";
		};
		1F89E44A1C820AA5004E1CB6 /* LaunchScreen.storyboard */ = {
			isa = PBXVariantGroup;
			children = (
				1F89E44B1C820AA5004E1CB6 /* Base */,
			);
			name = LaunchScreen.storyboard;
			sourceTree = "<group>";
		};
/* End PBXVariantGroup section */

/* Begin XCBuildConfiguration section */
		1F89E44E1C820AA5004E1CB6 /* Debug */ = {
			isa = XCBuildConfiguration;
			buildSettings = {
				ALWAYS_SEARCH_USER_PATHS = NO;
				CLANG_CXX_LANGUAGE_STANDARD = "gnu++0x";
				CLANG_CXX_LIBRARY = "libc++";
				CLANG_ENABLE_MODULES = YES;
				CLANG_ENABLE_OBJC_ARC = YES;
				CLANG_WARN_BOOL_CONVERSION = YES;
				CLANG_WARN_CONSTANT_CONVERSION = YES;
				CLANG_WARN_DIRECT_OBJC_ISA_USAGE = YES_ERROR;
				CLANG_WARN_EMPTY_BODY = YES;
				CLANG_WARN_ENUM_CONVERSION = YES;
				CLANG_WARN_INT_CONVERSION = YES;
				CLANG_WARN_OBJC_ROOT_CLASS = YES_ERROR;
				CLANG_WARN_UNREACHABLE_CODE = YES;
				CLANG_WARN__DUPLICATE_METHOD_MATCH = YES;
				"CODE_SIGN_IDENTITY[sdk=iphoneos*]" = "iPhone Developer";
				COPY_PHASE_STRIP = NO;
				DEBUG_INFORMATION_FORMAT = "dwarf-with-dsym";
				ENABLE_STRICT_OBJC_MSGSEND = YES;
				ENABLE_TESTABILITY = YES;
				GCC_C_LANGUAGE_STANDARD = gnu99;
				GCC_DYNAMIC_NO_PIC = NO;
				GCC_NO_COMMON_BLOCKS = YES;
				GCC_OPTIMIZATION_LEVEL = 0;
				GCC_PREPROCESSOR_DEFINITIONS = (
					"DEBUG=1",
					"$(inherited)",
				);
				GCC_WARN_64_TO_32_BIT_CONVERSION = YES;
				GCC_WARN_ABOUT_RETURN_TYPE = YES_ERROR;
				GCC_WARN_UNDECLARED_SELECTOR = YES;
				GCC_WARN_UNINITIALIZED_AUTOS = YES_AGGRESSIVE;
				GCC_WARN_UNUSED_FUNCTION = YES;
				GCC_WARN_UNUSED_VARIABLE = YES;
				IPHONEOS_DEPLOYMENT_TARGET = 9.2;
				MTL_ENABLE_DEBUG_INFO = YES;
				ONLY_ACTIVE_ARCH = YES;
				SDKROOT = iphoneos;
				SWIFT_OPTIMIZATION_LEVEL = "-Onone";
				TARGETED_DEVICE_FAMILY = "1,2";
			};
			name = Debug;
		};
		1F89E44F1C820AA5004E1CB6 /* Release */ = {
			isa = XCBuildConfiguration;
			buildSettings = {
				ALWAYS_SEARCH_USER_PATHS = NO;
				CLANG_CXX_LANGUAGE_STANDARD = "gnu++0x";
				CLANG_CXX_LIBRARY = "libc++";
				CLANG_ENABLE_MODULES = YES;
				CLANG_ENABLE_OBJC_ARC = YES;
				CLANG_WARN_BOOL_CONVERSION = YES;
				CLANG_WARN_CONSTANT_CONVERSION = YES;
				CLANG_WARN_DIRECT_OBJC_ISA_USAGE = YES_ERROR;
				CLANG_WARN_EMPTY_BODY = YES;
				CLANG_WARN_ENUM_CONVERSION = YES;
				CLANG_WARN_INT_CONVERSION = YES;
				CLANG_WARN_OBJC_ROOT_CLASS = YES_ERROR;
				CLANG_WARN_UNREACHABLE_CODE = YES;
				CLANG_WARN__DUPLICATE_METHOD_MATCH = YES;
				"CODE_SIGN_IDENTITY[sdk=iphoneos*]" = "iPhone Developer";
				COPY_PHASE_STRIP = NO;
				DEBUG_INFORMATION_FORMAT = "dwarf-with-dsym";
				ENABLE_NS_ASSERTIONS = NO;
				ENABLE_STRICT_OBJC_MSGSEND = YES;
				GCC_C_LANGUAGE_STANDARD = gnu99;
				GCC_NO_COMMON_BLOCKS = YES;
				GCC_WARN_64_TO_32_BIT_CONVERSION = YES;
				GCC_WARN_ABOUT_RETURN_TYPE = YES_ERROR;
				GCC_WARN_UNDECLARED_SELECTOR = YES;
				GCC_WARN_UNINITIALIZED_AUTOS = YES_AGGRESSIVE;
				GCC_WARN_UNUSED_FUNCTION = YES;
				GCC_WARN_UNUSED_VARIABLE = YES;
				IPHONEOS_DEPLOYMENT_TARGET = 9.2;
				MTL_ENABLE_DEBUG_INFO = NO;
				SDKROOT = iphoneos;
				TARGETED_DEVICE_FAMILY = "1,2";
				VALIDATE_PRODUCT = YES;
			};
			name = Release;
		};
		1F89E4511C820AA5004E1CB6 /* Debug */ = {
			isa = XCBuildConfiguration;
			buildSettings = {
				ASSETCATALOG_COMPILER_APPICON_NAME = AppIcon;
				INFOPLIST_FILE = BuildGame/Info.plist;
				LD_RUNPATH_SEARCH_PATHS = "$(inherited) @executable_path/Frameworks";
				PRODUCT_BUNDLE_IDENTIFIER = jeffcoleinc.com.BuildGame;
				PRODUCT_NAME = "$(TARGET_NAME)";
			};
			name = Debug;
		};
		1F89E4521C820AA5004E1CB6 /* Release */ = {
			isa = XCBuildConfiguration;
			buildSettings = {
				ASSETCATALOG_COMPILER_APPICON_NAME = AppIcon;
				INFOPLIST_FILE = BuildGame/Info.plist;
				LD_RUNPATH_SEARCH_PATHS = "$(inherited) @executable_path/Frameworks";
				PRODUCT_BUNDLE_IDENTIFIER = jeffcoleinc.com.BuildGame;
				PRODUCT_NAME = "$(TARGET_NAME)";
			};
			name = Release;
		};
/* End XCBuildConfiguration section */

/* Begin XCConfigurationList section */
		1F89E4351C820AA5004E1CB6 /* Build configuration list for PBXProject "BuildGame" */ = {
			isa = XCConfigurationList;
			buildConfigurations = (
				1F89E44E1C820AA5004E1CB6 /* Debug */,
				1F89E44F1C820AA5004E1CB6 /* Release */,
			);
			defaultConfigurationIsVisible = 0;
			defaultConfigurationName = Release;
		};
		1F89E4501C820AA5004E1CB6 /* Build configuration list for PBXNativeTarget "BuildGame" */ = {
			isa = XCConfigurationList;
			buildConfigurations = (
				1F89E4511C820AA5004E1CB6 /* Debug */,
				1F89E4521C820AA5004E1CB6 /* Release */,
			);
			defaultConfigurationIsVisible = 0;
		};
/* End XCConfigurationList section */
	};
	rootObject = 1F89E4321C820AA5004E1CB6 /* Project object */;
}
